
Microsoft Visual Studio Solution File, Format Version 12.00
# Visual Studio 15
VisualStudioVersion = 15.0.27130.2036
MinimumVisualStudioVersion = 10.0.40219.1
Project("{9A19103F-16F7-4668-BE54-9A1E7A4F7556}") = "Arboretum.Core", "Arboretum.Core\Arboretum.Core.csproj", "{0F4E8065-412C-4623-A053-48E1FE5AF885}"
EndProject
Project("{9A19103F-16F7-4668-BE54-9A1E7A4F7556}") = "Arboretum.API", "Arboretum.API\Arboretum.API.csproj", "{7EBE9619-2DED-44FF-B456-21555F5C295C}"
EndProject
Project("{9A19103F-16F7-4668-BE54-9A1E7A4F7556}") = "Arboretum.Persistence", "Arboretum.Persistence\Arboretum.Persistence.csproj", "{59AFC9CC-253A-4CAA-B1C1-9180FC2F9231}"
EndProject
Project("{9A19103F-16F7-4668-BE54-9A1E7A4F7556}") = "Arboretum.WebService", "Arboretum.WebService\Arboretum.WebService.csproj", "{18B27E9B-86B4-4D56-BB3D-1A2E41B5CC4C}"
EndProject
Project("{9A19103F-16F7-4668-BE54-9A1E7A4F7556}") = "Arboretum.AppCore", "Arboretum.AppCore\Arboretum.AppCore.csproj", "{E6EDD874-D8D1-42AD-AE97-51EAC884CF8E}"
EndProject
Project("{9A19103F-16F7-4668-BE54-9A1E7A4F7556}") = "ConsoleApp", "ConsoleApp\ConsoleApp.csproj", "{8B09CB6E-9711-4CD1-8F92-193DD3464DF0}"
EndProject
Project("{9A19103F-16F7-4668-BE54-9A1E7A4F7556}") = "Arboretum.Common", "Arboretum.Common\Arboretum.Common.csproj", "{91F03D08-CDC5-49D4-9F4C-076B70CD23C0}"
EndProject
Project("{FAE04EC0-301F-11D3-BF4B-00C04F79EFBC}") = "Arboretum.Infrastructure", "Arboretum.Infrastructure\Arboretum.Infrastructure.csproj", "{19B13960-54EA-41C2-8F30-29006EF305DB}"
EndProject
Global
	GlobalSection(SolutionConfigurationPlatforms) = preSolution
		Debug|Any CPU = Debug|Any CPU
		Release|Any CPU = Release|Any CPU
	EndGlobalSection
	GlobalSection(ProjectConfigurationPlatforms) = postSolution
		{0F4E8065-412C-4623-A053-48E1FE5AF885}.Debug|Any CPU.ActiveCfg = Debug|Any CPU
		{0F4E8065-412C-4623-A053-48E1FE5AF885}.Debug|Any CPU.Build.0 = Debug|Any CPU
		{0F4E8065-412C-4623-A053-48E1FE5AF885}.Release|Any CPU.ActiveCfg = Release|Any CPU
		{0F4E8065-412C-4623-A053-48E1FE5AF885}.Release|Any CPU.Build.0 = Release|Any CPU
		{7EBE9619-2DED-44FF-B456-21555F5C295C}.Debug|Any CPU.ActiveCfg = Debug|Any CPU
		{7EBE9619-2DED-44FF-B456-21555F5C295C}.Debug|Any CPU.Build.0 = Debug|Any CPU
		{7EBE9619-2DED-44FF-B456-21555F5C295C}.Release|Any CPU.ActiveCfg = Release|Any CPU
		{7EBE9619-2DED-44FF-B456-21555F5C295C}.Release|Any CPU.Build.0 = Release|Any CPU
		{59AFC9CC-253A-4CAA-B1C1-9180FC2F9231}.Debug|Any CPU.ActiveCfg = Debug|Any CPU
		{59AFC9CC-253A-4CAA-B1C1-9180FC2F9231}.Debug|Any CPU.Build.0 = Debug|Any CPU
		{59AFC9CC-253A-4CAA-B1C1-9180FC2F9231}.Release|Any CPU.ActiveCfg = Release|Any CPU
		{59AFC9CC-253A-4CAA-B1C1-9180FC2F9231}.Release|Any CPU.Build.0 = Release|Any CPU
		{18B27E9B-86B4-4D56-BB3D-1A2E41B5CC4C}.Debug|Any CPU.ActiveCfg = Debug|Any CPU
		{18B27E9B-86B4-4D56-BB3D-1A2E41B5CC4C}.Debug|Any CPU.Build.0 = Debug|Any CPU
		{18B27E9B-86B4-4D56-BB3D-1A2E41B5CC4C}.Release|Any CPU.ActiveCfg = Release|Any CPU
		{18B27E9B-86B4-4D56-BB3D-1A2E41B5CC4C}.Release|Any CPU.Build.0 = Release|Any CPU
		{E6EDD874-D8D1-42AD-AE97-51EAC884CF8E}.Debug|Any CPU.ActiveCfg = Debug|Any CPU
		{E6EDD874-D8D1-42AD-AE97-51EAC884CF8E}.Debug|Any CPU.Build.0 = Debug|Any CPU
		{E6EDD874-D8D1-42AD-AE97-51EAC884CF8E}.Release|Any CPU.ActiveCfg = Release|Any CPU
		{E6EDD874-D8D1-42AD-AE97-51EAC884CF8E}.Release|Any CPU.Build.0 = Release|Any CPU
		{8B09CB6E-9711-4CD1-8F92-193DD3464DF0}.Debug|Any CPU.ActiveCfg = Debug|Any CPU
		{8B09CB6E-9711-4CD1-8F92-193DD3464DF0}.Debug|Any CPU.Build.0 = Debug|Any CPU
		{8B09CB6E-9711-4CD1-8F92-193DD3464DF0}.Release|Any CPU.ActiveCfg = Release|Any CPU
		{8B09CB6E-9711-4CD1-8F92-193DD3464DF0}.Release|Any CPU.Build.0 = Release|Any CPU
		{91F03D08-CDC5-49D4-9F4C-076B70CD23C0}.Debug|Any CPU.ActiveCfg = Debug|Any CPU
		{91F03D08-CDC5-49D4-9F4C-076B70CD23C0}.Debug|Any CPU.Build.0 = Debug|Any CPU
		{91F03D08-CDC5-49D4-9F4C-076B70CD23C0}.Release|Any CPU.ActiveCfg = Release|Any CPU
		{91F03D08-CDC5-49D4-9F4C-076B70CD23C0}.Release|Any CPU.Build.0 = Release|Any CPU
		{19B13960-54EA-41C2-8F30-29006EF305DB}.Debug|Any CPU.ActiveCfg = Debug|Any CPU
		{19B13960-54EA-41C2-8F30-29006EF305DB}.Debug|Any CPU.Build.0 = Debug|Any CPU
		{19B13960-54EA-41C2-8F30-29006EF305DB}.Release|Any CPU.ActiveCfg = Release|Any CPU
		{19B13960-54EA-41C2-8F30-29006EF305DB}.Release|Any CPU.Build.0 = Release|Any CPU
	EndGlobalSection
	GlobalSection(SolutionProperties) = preSolution
		HideSolutionNode = FALSE
	EndGlobalSection
	GlobalSection(ExtensibilityGlobals) = postSolution
		SolutionGuid = {3868807A-90E3-4C4C-86E4-79974D996585}
	EndGlobalSection
EndGlobal
